
Microsoft Visual Studio Solution File, Format Version 12.00
# Visual Studio Version 17
VisualStudioVersion = 17.14.36930.0
MinimumVisualStudioVersion = 10.0.40219.1
Project("{FAE04EC0-301F-11D3-BF4B-00C04F79EFBC}") = "Web_Server_Game_Guide", "Web_Server_Game_Guide\Web_Server_Game_Guide.csproj", "{CDDB9B13-4729-4BCC-8EF8-CA64433A89B4}"
EndProject
Global
	GlobalSection(SolutionConfigurationPlatforms) = preSolution
		Debug|Any CPU = Debug|Any CPU
		Release|Any CPU = Release|Any CPU
	EndGlobalSection
	GlobalSection(ProjectConfigurationPlatforms) = postSolution
		{CDDB9B13-4729-4BCC-8EF8-CA64433A89B4}.Debug|Any CPU.ActiveCfg = Debug|Any CPU
		{CDDB9B13-4729-4BCC-8EF8-CA64433A89B4}.Debug|Any CPU.Build.0 = Debug|Any CPU
		{CDDB9B13-4729-4BCC-8EF8-CA64433A89B4}.Release|Any CPU.ActiveCfg = Release|Any CPU
		{CDDB9B13-4729-4BCC-8EF8-CA64433A89B4}.Release|Any CPU.Build.0 = Release|Any CPU
	EndGlobalSection
	GlobalSection(SolutionProperties) = preSolution
		HideSolutionNode = FALSE
	EndGlobalSection
	GlobalSection(ExtensibilityGlobals) = postSolution
		SolutionGuid = {34014CB3-F647-45F0-B1A3-7DE28ED31CE9}
	EndGlobalSection
EndGlobal
